
Microsoft Visual Studio Solution File, Format Version 12.00
# Visual Studio Version 17
VisualStudioVersion = 17.6.33829.357
MinimumVisualStudioVersion = 10.0.40219.1
Project("{FAE04EC0-301F-11D3-BF4B-00C04F79EFBC}") = "OkulApp1", "OkulApp1.csproj", "{DDABD3D6-48E2-437D-A900-EAF2EECF6A0E}"
EndProject
Project("{9A19103F-16F7-4668-BE54-9A1E7A4F7556}") = "OkullApp.MODEL", "..\OkullApp.MODEL\OkullApp.MODEL.csproj", "{8046BE56-C5A2-4DAC-AFED-447E8B301F20}"
EndProject
Project("{9A19103F-16F7-4668-BE54-9A1E7A4F7556}") = "OkulApp.BLL", "..\OkulApp.BLL\OkulApp.BLL.csproj", "{0DF0CECC-5323-4D31-AEE9-7AEB67DC6840}"
EndProject
Project("{FAE04EC0-301F-11D3-BF4B-00C04F79EFBC}") = "DAL", "..\DAL\DAL.csproj", "{7259AA73-57AE-41A1-8FCF-D121F6D2124E}"
EndProject
Project("{FAE04EC0-301F-11D3-BF4B-00C04F79EFBC}") = "DALL", "..\DALL\DALL.csproj", "{59D22EDF-8345-45F8-B0DD-9F83F02DB476}"
EndProject
Global
	GlobalSection(SolutionConfigurationPlatforms) = preSolution
		Debug|Any CPU = Debug|Any CPU
		Release|Any CPU = Release|Any CPU
	EndGlobalSection
	GlobalSection(ProjectConfigurationPlatforms) = postSolution
		{DDABD3D6-48E2-437D-A900-EAF2EECF6A0E}.Debug|Any CPU.ActiveCfg = Debug|Any CPU
		{DDABD3D6-48E2-437D-A900-EAF2EECF6A0E}.Debug|Any CPU.Build.0 = Debug|Any CPU
		{DDABD3D6-48E2-437D-A900-EAF2EECF6A0E}.Release|Any CPU.ActiveCfg = Release|Any CPU
		{DDABD3D6-48E2-437D-A900-EAF2EECF6A0E}.Release|Any CPU.Build.0 = Release|Any CPU
		{8046BE56-C5A2-4DAC-AFED-447E8B301F20}.Debug|Any CPU.ActiveCfg = Debug|Any CPU
		{8046BE56-C5A2-4DAC-AFED-447E8B301F20}.Debug|Any CPU.Build.0 = Debug|Any CPU
		{8046BE56-C5A2-4DAC-AFED-447E8B301F20}.Release|Any CPU.ActiveCfg = Release|Any CPU
		{8046BE56-C5A2-4DAC-AFED-447E8B301F20}.Release|Any CPU.Build.0 = Release|Any CPU
		{0DF0CECC-5323-4D31-AEE9-7AEB67DC6840}.Debug|Any CPU.ActiveCfg = Debug|Any CPU
		{0DF0CECC-5323-4D31-AEE9-7AEB67DC6840}.Debug|Any CPU.Build.0 = Debug|Any CPU
		{0DF0CECC-5323-4D31-AEE9-7AEB67DC6840}.Release|Any CPU.ActiveCfg = Release|Any CPU
		{0DF0CECC-5323-4D31-AEE9-7AEB67DC6840}.Release|Any CPU.Build.0 = Release|Any CPU
		{7259AA73-57AE-41A1-8FCF-D121F6D2124E}.Debug|Any CPU.ActiveCfg = Debug|Any CPU
		{7259AA73-57AE-41A1-8FCF-D121F6D2124E}.Debug|Any CPU.Build.0 = Debug|Any CPU
		{7259AA73-57AE-41A1-8FCF-D121F6D2124E}.Release|Any CPU.ActiveCfg = Release|Any CPU
		{7259AA73-57AE-41A1-8FCF-D121F6D2124E}.Release|Any CPU.Build.0 = Release|Any CPU
		{59D22EDF-8345-45F8-B0DD-9F83F02DB476}.Debug|Any CPU.ActiveCfg = Debug|Any CPU
		{59D22EDF-8345-45F8-B0DD-9F83F02DB476}.Debug|Any CPU.Build.0 = Debug|Any CPU
		{59D22EDF-8345-45F8-B0DD-9F83F02DB476}.Release|Any CPU.ActiveCfg = Release|Any CPU
		{59D22EDF-8345-45F8-B0DD-9F83F02DB476}.Release|Any CPU.Build.0 = Release|Any CPU
	EndGlobalSection
	GlobalSection(SolutionProperties) = preSolution
		HideSolutionNode = FALSE
	EndGlobalSection
	GlobalSection(ExtensibilityGlobals) = postSolution
		SolutionGuid = {6CB692E9-AEF0-4744-A857-EF863FD2B621}
	EndGlobalSection
EndGlobal
